{
  "name": "air-guard-v2-schemas",
  "version": "1.0.0",
  "lockfileVersion": 3,
  "requires": true,
  "packages": {
    "": {
      "name": "air-guard-v2-schemas",
      "version": "1.0.0",
      "license": "ISC",
      "dependencies": {
        "air-firebase-v2": "file:../air-firebase-v2"
      }
    },
    "../air-firebase-v2": {
      "version": "1.0.0",
      "license": "ISC"
    },
    "node_modules/air-firebase-v2": {
      "resolved": "../air-firebase-v2",
      "link": true
    }
  }
}
