{
  "name": "@shisyamo4131/air-guard-v2-schemas",
  "version": "2.4.2-dev.50",
  "lockfileVersion": 3,
  "requires": true,
  "packages": {
    "": {
      "name": "@shisyamo4131/air-guard-v2-schemas",
      "version": "2.4.2-dev.50",
      "license": "ISC",
      "peerDependencies": {
        "@holiday-jp/holiday_jp": "^2.5.1",
        "@shisyamo4131/air-firebase-v2": "^2.3.1-dev.2"
      }
    },
    "node_modules/@holiday-jp/holiday_jp": {
      "version": "2.5.1",
      "resolved": "https://registry.npmjs.org/@holiday-jp/holiday_jp/-/holiday_jp-2.5.1.tgz",
      "integrity": "sha512-KuXfzsp0xlP830WDZRbsHj99wJzamx4fS55usUJFz+oHZmZ4gJfVdyiyv/rIWK+O7RgfHSi5j5Ajy0ZK/Vlnyg==",
      "license": "MIT",
      "peer": true
    },
    "node_modules/@shisyamo4131/air-firebase-v2": {
      "version": "2.3.1-dev.2",
      "resolved": "https://registry.npmjs.org/@shisyamo4131/air-firebase-v2/-/air-firebase-v2-2.3.1-dev.2.tgz",
      "integrity": "sha512-5WpDEQNTfXZW8W0L+WvE9PwQq32Muyq4tdxCFGT7sLIjj+Xz9wtwWWa2zbtoBso8959Nujb/tBi9g9Wbf9xaIw==",
      "license": "ISC",
      "peer": true
    }
  }
}
