{
  "name": "@shisyamo4131/air-guard-v2-schemas",
  "version": "2.4.2-dev.48",
  "lockfileVersion": 3,
  "requires": true,
  "packages": {
    "": {
      "name": "@shisyamo4131/air-guard-v2-schemas",
      "version": "2.4.2-dev.48",
      "license": "ISC",
      "dependencies": {
        "@holiday-jp/holiday_jp": "^2.5.1",
        "@shisyamo4131/air-firebase-v2": "^2.3.1-dev.0"
      }
    },
    "node_modules/@holiday-jp/holiday_jp": {
      "version": "2.5.1",
      "resolved": "https://registry.npmjs.org/@holiday-jp/holiday_jp/-/holiday_jp-2.5.1.tgz",
      "integrity": "sha512-KuXfzsp0xlP830WDZRbsHj99wJzamx4fS55usUJFz+oHZmZ4gJfVdyiyv/rIWK+O7RgfHSi5j5Ajy0ZK/Vlnyg==",
      "license": "MIT"
    },
    "node_modules/@shisyamo4131/air-firebase-v2": {
      "version": "2.3.1-dev.0",
      "resolved": "https://registry.npmjs.org/@shisyamo4131/air-firebase-v2/-/air-firebase-v2-2.3.1-dev.0.tgz",
      "integrity": "sha512-Q8Lm43nCmsPry6sbZu6ify+GQLgVznwEUrdcNKKhudF9EnvUsoO3tkqh7M11rbQz79juZzYEqhGMR2mffAXgvQ==",
      "license": "ISC"
    }
  }
}
